// !$*UTF8*$!
{
    archiveVersion = 1;
    classes = {
    };
    objectVersion = 60;
    objects = {

/* Begin PBXBuildFile section */
        9A100001A100000100000001 /* TwelveApp.swift in Sources */ = {isa = PBXBuildFile; fileRef = 9A000001A100000100000001 /* TwelveApp.swift */; };
        9A100013A100000100000001 /* AppearanceStore.swift in Sources */ = {isa = PBXBuildFile; fileRef = 9A000015A100000100000001 /* AppearanceStore.swift */; };
        9A100002A100000100000001 /* ContentView.swift in Sources */ = {isa = PBXBuildFile; fileRef = 9A000002A100000100000001 /* ContentView.swift */; };
        9A100003A100000100000001 /* EntryCardView.swift in Sources */ = {isa = PBXBuildFile; fileRef = 9A000003A100000100000001 /* EntryCardView.swift */; };
        9A100018A100000100000001 /* DiaryDayPickerSheet.swift in Sources */ = {isa = PBXBuildFile; fileRef = 9A00001BA100000100000001 /* DiaryDayPickerSheet.swift */; };
        9A100019A100000100000001 /* SketchToolbarIcons.swift in Sources */ = {isa = PBXBuildFile; fileRef = 9A00001CA100000100000001 /* SketchToolbarIcons.swift */; };
        9A10001AA100000100000001 /* CartoonPanelChrome.swift in Sources */ = {isa = PBXBuildFile; fileRef = 9A00001DA100000100000001 /* CartoonPanelChrome.swift */; };
        9A10001BA100000100000001 /* AppearancePickerSheet.swift in Sources */ = {isa = PBXBuildFile; fileRef = 9A00001EA100000100000001 /* AppearancePickerSheet.swift */; };
        9A10001FA100000100000001 /* CartoonMonthCalendar.swift in Sources */ = {isa = PBXBuildFile; fileRef = 9A00001FA100000100000001 /* CartoonMonthCalendar.swift */; };
        9A100020A100000100000001 /* TwelveAppWheelDatePicker.swift in Sources */ = {isa = PBXBuildFile; fileRef = 9A000020A100000100000001 /* TwelveAppWheelDatePicker.swift */; };
        9A100004A100000100000001 /* DiaryEntry.swift in Sources */ = {isa = PBXBuildFile; fileRef = 9A000004A100000100000001 /* DiaryEntry.swift */; };
        9A100005A100000100000001 /* WeatherOption.swift in Sources */ = {isa = PBXBuildFile; fileRef = 9A000005A100000100000001 /* WeatherOption.swift */; };
        9A100006A100000100000001 /* DiaryStorage.swift in Sources */ = {isa = PBXBuildFile; fileRef = 9A000006A100000100000001 /* DiaryStorage.swift */; };
        9A100007A100000100000001 /* LocationManager.swift in Sources */ = {isa = PBXBuildFile; fileRef = 9A000007A100000100000001 /* LocationManager.swift */; };
        9A100008A100000100000001 /* TwelveTheme.swift in Sources */ = {isa = PBXBuildFile; fileRef = 9A000008A100000100000001 /* TwelveTheme.swift */; };
        9A100009A100000100000001 /* WiggleTextEditor.swift in Sources */ = {isa = PBXBuildFile; fileRef = 9A000009A100000100000001 /* WiggleTextEditor.swift */; };
        9A100031A100000100000001 /* InputWiggleModifier.swift in Sources */ = {isa = PBXBuildFile; fileRef = 9A000022A100000100000001 /* InputWiggleModifier.swift */; };
        9A10000AA100000100000001 /* TwelveButtonStyles.swift in Sources */ = {isa = PBXBuildFile; fileRef = 9A00000AA100000100000001 /* TwelveButtonStyles.swift */; };
        9A10000BA100000100000001 /* WindyBackgroundView.swift in Sources */ = {isa = PBXBuildFile; fileRef = 9A00000BA100000100000001 /* WindyBackgroundView.swift */; };
        9A10000CA100000100000001 /* Assets.xcassets in Resources */ = {isa = PBXBuildFile; fileRef = 9A00000CA100000100000001 /* Assets.xcassets */; };
        9A10000DA100000100000001 /* TodayFeatureCardOverlay.swift in Sources */ = {isa = PBXBuildFile; fileRef = 9A00000FA100000100000001 /* TodayFeatureCardOverlay.swift */; };
        9A10000EA100000100000001 /* DiaryAttachment.swift in Sources */ = {isa = PBXBuildFile; fileRef = 9A000010A100000100000001 /* DiaryAttachment.swift */; };
        9A10000FA100000100000001 /* AttachmentService.swift in Sources */ = {isa = PBXBuildFile; fileRef = 9A000011A100000100000001 /* AttachmentService.swift */; };
        9A100010A100000100000001 /* MediaPicker.swift in Sources */ = {isa = PBXBuildFile; fileRef = 9A000012A100000100000001 /* MediaPicker.swift */; };
        9A100011A100000100000001 /* DiaryComposerSheet.swift in Sources */ = {isa = PBXBuildFile; fileRef = 9A000013A100000100000001 /* DiaryComposerSheet.swift */; };
        9A100030A100000100000001 /* ComposerLocationPickerSheet.swift in Sources */ = {isa = PBXBuildFile; fileRef = 9A000021A100000100000001 /* ComposerLocationPickerSheet.swift */; };
        9A100012A100000100000001 /* DiaryReaderSheet.swift in Sources */ = {isa = PBXBuildFile; fileRef = 9A000014A100000100000001 /* DiaryReaderSheet.swift */; };
        9A100014A100000100000001 /* DiaryBodyContentView.swift in Sources */ = {isa = PBXBuildFile; fileRef = 9A000016A100000100000001 /* DiaryBodyContentView.swift */; };
        9A100016A100000100000001 /* marked.min.js in Resources */ = {isa = PBXBuildFile; fileRef = 9A000018A100000100000001 /* marked.min.js */; };
        9A100017A100000100000001 /* mathjax-tex-svg.js in Resources */ = {isa = PBXBuildFile; fileRef = 9A000019A100000100000001 /* mathjax-tex-svg.js */; };
        9A100032A100000100000001 /* DiaryWritingPromptStore.swift in Sources */ = {isa = PBXBuildFile; fileRef = 9A000023A100000100000001 /* DiaryWritingPromptStore.swift */; };
        9A100033A100000100000001 /* DiaryExportService.swift in Sources */ = {isa = PBXBuildFile; fileRef = 9A000024A100000100000001 /* DiaryExportService.swift */; };
        9A100034A100000100000001 /* DiaryAttachmentCleanup.swift in Sources */ = {isa = PBXBuildFile; fileRef = 9A000025A100000100000001 /* DiaryAttachmentCleanup.swift */; };
        9A100035A100000100000001 /* DiaryOnThisDay.swift in Sources */ = {isa = PBXBuildFile; fileRef = 9A000026A100000100000001 /* DiaryOnThisDay.swift */; };
        9A100036A100000100000001 /* DiarySettingsSheet.swift in Sources */ = {isa = PBXBuildFile; fileRef = 9A000027A100000100000001 /* DiarySettingsSheet.swift */; };
        9A100037A100000100000001 /* DiarySearchSheet.swift in Sources */ = {isa = PBXBuildFile; fileRef = 9A000028A100000100000001 /* DiarySearchSheet.swift */; };
        9A100038A100000100000001 /* AppEmptyStates.swift in Sources */ = {isa = PBXBuildFile; fileRef = 9A000029A100000100000001 /* AppEmptyStates.swift */; };
        9A100039A100000100000001 /* ICloudDataMirror.swift in Sources */ = {isa = PBXBuildFile; fileRef = 9A00002AA100000100000001 /* ICloudDataMirror.swift */; };
        9A10003AA100000100000001 /* DiaryInsightsEngine.swift in Sources */ = {isa = PBXBuildFile; fileRef = 9A00002DA100000100000001 /* DiaryInsightsEngine.swift */; };
        9A10003BA100000100000001 /* DiaryMarkdownOutline.swift in Sources */ = {isa = PBXBuildFile; fileRef = 9A00002EA100000100000001 /* DiaryMarkdownOutline.swift */; };
        9A10003CA100000100000001 /* DiaryInsightsSheet.swift in Sources */ = {isa = PBXBuildFile; fileRef = 9A00002FA100000100000001 /* DiaryInsightsSheet.swift */; };
        9A10003DA100000100000001 /* AppFontScale.swift in Sources */ = {isa = PBXBuildFile; fileRef = 9A000040A100000100000001 /* AppFontScale.swift */; };
        9A10003EA100000100000001 /* TypographyRefreshNotifier.swift in Sources */ = {isa = PBXBuildFile; fileRef = 9A000041A100000100000001 /* TypographyRefreshNotifier.swift */; };
        9A10003FA100000100000001 /* BackupStatusStore.swift in Sources */ = {isa = PBXBuildFile; fileRef = 9A000042A100000100000001 /* BackupStatusStore.swift */; };
        9A100040A100000100000001 /* DiaryPDFExportService.swift in Sources */ = {isa = PBXBuildFile; fileRef = 9A000043A100000100000001 /* DiaryPDFExportService.swift */; };
        9A100041A100000100000001 /* DiaryReminderStore.swift in Sources */ = {isa = PBXBuildFile; fileRef = 9A000044A100000100000001 /* DiaryReminderStore.swift */; };
        9A100042A100000100000001 /* DiaryWritingStreak.swift in Sources */ = {isa = PBXBuildFile; fileRef = 9A000045A100000100000001 /* DiaryWritingStreak.swift */; };
        9A100043A100000100000001 /* DiaryReminisceEngine.swift in Sources */ = {isa = PBXBuildFile; fileRef = 9A000046A100000100000001 /* DiaryReminisceEngine.swift */; };
        B100001B100000100000001 /* LedgerApp.swift in Sources */ = {isa = PBXBuildFile; fileRef = B000001B100000100000001 /* LedgerApp.swift */; };
        B100002B100000100000001 /* LedgerRootView.swift in Sources */ = {isa = PBXBuildFile; fileRef = B000002B100000100000001 /* LedgerRootView.swift */; };
        B100003B100000100000001 /* LedgerAddTransactionSheet.swift in Sources */ = {isa = PBXBuildFile; fileRef = B000003B100000100000001 /* LedgerAddTransactionSheet.swift */; };
        B100004B100000100000001 /* LedgerEntry.swift in Sources */ = {isa = PBXBuildFile; fileRef = B000004B100000100000001 /* LedgerEntry.swift */; };
        B100005B100000100000001 /* LedgerStorage.swift in Sources */ = {isa = PBXBuildFile; fileRef = B000005B100000100000001 /* LedgerStorage.swift */; };
        B100006B100000100000001 /* TwelveTheme.swift in Sources */ = {isa = PBXBuildFile; fileRef = 9A000008A100000100000001 /* TwelveTheme.swift */; };
        B100007B100000100000001 /* WindyBackgroundView.swift in Sources */ = {isa = PBXBuildFile; fileRef = 9A00000BA100000100000001 /* WindyBackgroundView.swift */; };
        B100008B100000100000001 /* TwelveButtonStyles.swift in Sources */ = {isa = PBXBuildFile; fileRef = 9A00000AA100000100000001 /* TwelveButtonStyles.swift */; };
        B100009B100000100000001 /* AppearanceStore.swift in Sources */ = {isa = PBXBuildFile; fileRef = 9A000015A100000100000001 /* AppearanceStore.swift */; };
        B100010B100000100000001 /* CartoonPanelChrome.swift in Sources */ = {isa = PBXBuildFile; fileRef = 9A00001DA100000100000001 /* CartoonPanelChrome.swift */; };
        B100011B100000100000001 /* SketchToolbarIcons.swift in Sources */ = {isa = PBXBuildFile; fileRef = 9A00001CA100000100000001 /* SketchToolbarIcons.swift */; };
        B100012B100000100000001 /* AppearancePickerSheet.swift in Sources */ = {isa = PBXBuildFile; fileRef = 9A00001EA100000100000001 /* AppearancePickerSheet.swift */; };
        B100014B100000100000001 /* Assets.xcassets in Resources */ = {isa = PBXBuildFile; fileRef = B000009B100000100000001 /* Assets.xcassets */; };
        B100015B100000100000001 /* CartoonMonthCalendar.swift in Sources */ = {isa = PBXBuildFile; fileRef = 9A00001FA100000100000001 /* CartoonMonthCalendar.swift */; };
        B100016B100000100000001 /* TwelveAppWheelDatePicker.swift in Sources */ = {isa = PBXBuildFile; fileRef = 9A000020A100000100000001 /* TwelveAppWheelDatePicker.swift */; };
        B100017B100000100000001 /* LedgerTransactionKind.swift in Sources */ = {isa = PBXBuildFile; fileRef = B00000AB100000100000001 /* LedgerTransactionKind.swift */; };
        B100018B100000100000001 /* LedgerCurrencyStore.swift in Sources */ = {isa = PBXBuildFile; fileRef = B00000BB100000100000001 /* LedgerCurrencyStore.swift */; };
        B100019B100000100000001 /* LedgerDayPickerSheet.swift in Sources */ = {isa = PBXBuildFile; fileRef = B00000CB100000100000001 /* LedgerDayPickerSheet.swift */; };
        B100020B100000100000001 /* LedgerCurrencyPickerSheet.swift in Sources */ = {isa = PBXBuildFile; fileRef = B00000DB100000100000001 /* LedgerCurrencyPickerSheet.swift */; };
        B100021B100000100000001 /* LedgerSwipeActionRow.swift in Sources */ = {isa = PBXBuildFile; fileRef = B00000EB100000100000001 /* LedgerSwipeActionRow.swift */; };
        B100022B100000100000001 /* LedgerDecimalFormatting.swift in Sources */ = {isa = PBXBuildFile; fileRef = B00000FB100000100000001 /* LedgerDecimalFormatting.swift */; };
        B100025B100000100000001 /* ComposerLocationPickerSheet.swift in Sources */ = {isa = PBXBuildFile; fileRef = 9A000021A100000100000001 /* ComposerLocationPickerSheet.swift */; };
        B100024B100000100000001 /* LocationManager.swift in Sources */ = {isa = PBXBuildFile; fileRef = 9A000007A100000100000001 /* LocationManager.swift */; };
        B100026B100000100000001 /* WeatherOption.swift in Sources */ = {isa = PBXBuildFile; fileRef = 9A000005A100000100000001 /* WeatherOption.swift */; };
        B100028B100000100000001 /* LedgerBook.swift in Sources */ = {isa = PBXBuildFile; fileRef = B000028B100000100000001 /* LedgerBook.swift */; };
        B100029B100000100000001 /* LedgerBudget.swift in Sources */ = {isa = PBXBuildFile; fileRef = B000029B100000100000001 /* LedgerBudget.swift */; };
        B100030B100000100000001 /* LedgerRecurringTemplate.swift in Sources */ = {isa = PBXBuildFile; fileRef = B000030B100000100000001 /* LedgerRecurringTemplate.swift */; };
        B100031B100000100000001 /* LedgerCategoryStore.swift in Sources */ = {isa = PBXBuildFile; fileRef = B000031B100000100000001 /* LedgerCategoryStore.swift */; };
        B100032B100000100000001 /* LedgerCSVExport.swift in Sources */ = {isa = PBXBuildFile; fileRef = B000032B100000100000001 /* LedgerCSVExport.swift */; };
        B100033B100000100000001 /* LedgerMonthChartView.swift in Sources */ = {isa = PBXBuildFile; fileRef = B000033B100000100000001 /* LedgerMonthChartView.swift */; };
        B100034B100000100000001 /* LedgerSettingsSheet.swift in Sources */ = {isa = PBXBuildFile; fileRef = B000034B100000100000001 /* LedgerSettingsSheet.swift */; };
        B100035B100000100000001 /* AppEmptyStates.swift in Sources */ = {isa = PBXBuildFile; fileRef = 9A000029A100000100000001 /* AppEmptyStates.swift */; };
        B100036B100000100000001 /* ICloudDataMirror.swift in Sources */ = {isa = PBXBuildFile; fileRef = 9A00002AA100000100000001 /* ICloudDataMirror.swift */; };
        B100037B100000100000001 /* LedgerSimpleGoalStore.swift in Sources */ = {isa = PBXBuildFile; fileRef = B000035B100000100000001 /* LedgerSimpleGoalStore.swift */; };
        B100038B100000100000001 /* LedgerMonthReviewSheet.swift in Sources */ = {isa = PBXBuildFile; fileRef = B000036B100000100000001 /* LedgerMonthReviewSheet.swift */; };
        B100039B100000100000001 /* LedgerFXService.swift in Sources */ = {isa = PBXBuildFile; fileRef = B000039B100000100000001 /* LedgerFXService.swift */; };
        B100040B100000100000001 /* LedgerReminderStore.swift in Sources */ = {isa = PBXBuildFile; fileRef = B000040B100000100000001 /* LedgerReminderStore.swift */; };
        B100041B100000100000001 /* LedgerFixedExpenseScheduler.swift in Sources */ = {isa = PBXBuildFile; fileRef = B000041B100000100000001 /* LedgerFixedExpenseScheduler.swift */; };
        B100042B100000100000001 /* LedgerFixedExpense.swift in Sources */ = {isa = PBXBuildFile; fileRef = B000042B100000100000001 /* LedgerFixedExpense.swift */; };
        B100043B100000100000001 /* LedgerReportMath.swift in Sources */ = {isa = PBXBuildFile; fileRef = B000043B100000100000001 /* LedgerReportMath.swift */; };
        B100044B100000100000001 /* AppFontScale.swift in Sources */ = {isa = PBXBuildFile; fileRef = 9A000040A100000100000001 /* AppFontScale.swift */; };
        B100045B100000100000001 /* TypographyRefreshNotifier.swift in Sources */ = {isa = PBXBuildFile; fileRef = 9A000041A100000100000001 /* TypographyRefreshNotifier.swift */; };
        B100046B100000100000001 /* BackupStatusStore.swift in Sources */ = {isa = PBXBuildFile; fileRef = 9A000042A100000100000001 /* BackupStatusStore.swift */; };
/* End PBXBuildFile section */

/* Begin PBXFileReference section */
        9A000001A100000100000001 /* TwelveApp.swift */ = {isa = PBXFileReference; lastKnownFileType = sourcecode.swift; path = TwelveApp.swift; sourceTree = "<group>"; };
        9A000015A100000100000001 /* AppearanceStore.swift */ = {isa = PBXFileReference; lastKnownFileType = sourcecode.swift; path = AppearanceStore.swift; sourceTree = "<group>"; };
        9A000002A100000100000001 /* ContentView.swift */ = {isa = PBXFileReference; lastKnownFileType = sourcecode.swift; path = ContentView.swift; sourceTree = "<group>"; };
        9A000003A100000100000001 /* EntryCardView.swift */ = {isa = PBXFileReference; lastKnownFileType = sourcecode.swift; path = EntryCardView.swift; sourceTree = "<group>"; };
        9A00001BA100000100000001 /* DiaryDayPickerSheet.swift */ = {isa = PBXFileReference; lastKnownFileType = sourcecode.swift; path = DiaryDayPickerSheet.swift; sourceTree = "<group>"; };
        9A00001CA100000100000001 /* SketchToolbarIcons.swift */ = {isa = PBXFileReference; lastKnownFileType = sourcecode.swift; path = SketchToolbarIcons.swift; sourceTree = "<group>"; };
        9A00001DA100000100000001 /* CartoonPanelChrome.swift */ = {isa = PBXFileReference; lastKnownFileType = sourcecode.swift; path = CartoonPanelChrome.swift; sourceTree = "<group>"; };
        9A00001EA100000100000001 /* AppearancePickerSheet.swift */ = {isa = PBXFileReference; lastKnownFileType = sourcecode.swift; path = AppearancePickerSheet.swift; sourceTree = "<group>"; };
        9A00001FA100000100000001 /* CartoonMonthCalendar.swift */ = {isa = PBXFileReference; lastKnownFileType = sourcecode.swift; path = CartoonMonthCalendar.swift; sourceTree = "<group>"; };
        9A000020A100000100000001 /* TwelveAppWheelDatePicker.swift */ = {isa = PBXFileReference; lastKnownFileType = sourcecode.swift; path = TwelveAppWheelDatePicker.swift; sourceTree = "<group>"; };
        9A000004A100000100000001 /* DiaryEntry.swift */ = {isa = PBXFileReference; lastKnownFileType = sourcecode.swift; path = DiaryEntry.swift; sourceTree = "<group>"; };
        9A000005A100000100000001 /* WeatherOption.swift */ = {isa = PBXFileReference; lastKnownFileType = sourcecode.swift; path = WeatherOption.swift; sourceTree = "<group>"; };
        9A000006A100000100000001 /* DiaryStorage.swift */ = {isa = PBXFileReference; lastKnownFileType = sourcecode.swift; path = DiaryStorage.swift; sourceTree = "<group>"; };
        9A000007A100000100000001 /* LocationManager.swift */ = {isa = PBXFileReference; lastKnownFileType = sourcecode.swift; path = LocationManager.swift; sourceTree = "<group>"; };
        9A000008A100000100000001 /* TwelveTheme.swift */ = {isa = PBXFileReference; lastKnownFileType = sourcecode.swift; path = TwelveTheme.swift; sourceTree = "<group>"; };
        9A000009A100000100000001 /* WiggleTextEditor.swift */ = {isa = PBXFileReference; lastKnownFileType = sourcecode.swift; path = WiggleTextEditor.swift; sourceTree = "<group>"; };
        9A000022A100000100000001 /* InputWiggleModifier.swift */ = {isa = PBXFileReference; lastKnownFileType = sourcecode.swift; path = InputWiggleModifier.swift; sourceTree = "<group>"; };
        9A00000AA100000100000001 /* TwelveButtonStyles.swift */ = {isa = PBXFileReference; lastKnownFileType = sourcecode.swift; path = TwelveButtonStyles.swift; sourceTree = "<group>"; };
        9A00000BA100000100000001 /* WindyBackgroundView.swift */ = {isa = PBXFileReference; lastKnownFileType = sourcecode.swift; path = WindyBackgroundView.swift; sourceTree = "<group>"; };
        9A00000CA100000100000001 /* Assets.xcassets */ = {isa = PBXFileReference; lastKnownFileType = folder.assetcatalog; path = Assets.xcassets; sourceTree = "<group>"; };
        9A00000DA100000100000001 /* Info.plist */ = {isa = PBXFileReference; lastKnownFileType = text.plist.xml; path = Info.plist; sourceTree = "<group>"; };
        9A00000EA100000100000001 /* Twelve.app */ = {isa = PBXFileReference; explicitFileType = wrapper.application; includeInIndex = 0; path = Twelve.app; sourceTree = BUILT_PRODUCTS_DIR; };
        9A00000FA100000100000001 /* TodayFeatureCardOverlay.swift */ = {isa = PBXFileReference; lastKnownFileType = sourcecode.swift; path = TodayFeatureCardOverlay.swift; sourceTree = "<group>"; };
        9A000010A100000100000001 /* DiaryAttachment.swift */ = {isa = PBXFileReference; lastKnownFileType = sourcecode.swift; path = DiaryAttachment.swift; sourceTree = "<group>"; };
        9A000011A100000100000001 /* AttachmentService.swift */ = {isa = PBXFileReference; lastKnownFileType = sourcecode.swift; path = AttachmentService.swift; sourceTree = "<group>"; };
        9A000012A100000100000001 /* MediaPicker.swift */ = {isa = PBXFileReference; lastKnownFileType = sourcecode.swift; path = MediaPicker.swift; sourceTree = "<group>"; };
        9A000013A100000100000001 /* DiaryComposerSheet.swift */ = {isa = PBXFileReference; lastKnownFileType = sourcecode.swift; path = DiaryComposerSheet.swift; sourceTree = "<group>"; };
        9A000021A100000100000001 /* ComposerLocationPickerSheet.swift */ = {isa = PBXFileReference; lastKnownFileType = sourcecode.swift; path = ComposerLocationPickerSheet.swift; sourceTree = "<group>"; };
        9A000014A100000100000001 /* DiaryReaderSheet.swift */ = {isa = PBXFileReference; lastKnownFileType = sourcecode.swift; path = DiaryReaderSheet.swift; sourceTree = "<group>"; };
        9A000016A100000100000001 /* DiaryBodyContentView.swift */ = {isa = PBXFileReference; lastKnownFileType = sourcecode.swift; path = DiaryBodyContentView.swift; sourceTree = "<group>"; };
        9A000018A100000100000001 /* marked.min.js */ = {isa = PBXFileReference; lastKnownFileType = sourcecode.javascript; path = "marked.min.js"; sourceTree = "<group>"; };
        9A000019A100000100000001 /* mathjax-tex-svg.js */ = {isa = PBXFileReference; lastKnownFileType = sourcecode.javascript; path = "mathjax-tex-svg.js"; sourceTree = "<group>"; };
        9A000023A100000100000001 /* DiaryWritingPromptStore.swift */ = {isa = PBXFileReference; lastKnownFileType = sourcecode.swift; path = DiaryWritingPromptStore.swift; sourceTree = "<group>"; };
        9A000024A100000100000001 /* DiaryExportService.swift */ = {isa = PBXFileReference; lastKnownFileType = sourcecode.swift; path = DiaryExportService.swift; sourceTree = "<group>"; };
        9A000025A100000100000001 /* DiaryAttachmentCleanup.swift */ = {isa = PBXFileReference; lastKnownFileType = sourcecode.swift; path = DiaryAttachmentCleanup.swift; sourceTree = "<group>"; };
        9A000026A100000100000001 /* DiaryOnThisDay.swift */ = {isa = PBXFileReference; lastKnownFileType = sourcecode.swift; path = DiaryOnThisDay.swift; sourceTree = "<group>"; };
        9A000027A100000100000001 /* DiarySettingsSheet.swift */ = {isa = PBXFileReference; lastKnownFileType = sourcecode.swift; path = DiarySettingsSheet.swift; sourceTree = "<group>"; };
        9A000028A100000100000001 /* DiarySearchSheet.swift */ = {isa = PBXFileReference; lastKnownFileType = sourcecode.swift; path = DiarySearchSheet.swift; sourceTree = "<group>"; };
        9A000029A100000100000001 /* AppEmptyStates.swift */ = {isa = PBXFileReference; lastKnownFileType = sourcecode.swift; path = AppEmptyStates.swift; sourceTree = "<group>"; };
        9A00002AA100000100000001 /* ICloudDataMirror.swift */ = {isa = PBXFileReference; lastKnownFileType = sourcecode.swift; path = ICloudDataMirror.swift; sourceTree = "<group>"; };
        9A00002DA100000100000001 /* DiaryInsightsEngine.swift */ = {isa = PBXFileReference; lastKnownFileType = sourcecode.swift; path = DiaryInsightsEngine.swift; sourceTree = "<group>"; };
        9A00002EA100000100000001 /* DiaryMarkdownOutline.swift */ = {isa = PBXFileReference; lastKnownFileType = sourcecode.swift; path = DiaryMarkdownOutline.swift; sourceTree = "<group>"; };
        9A00002FA100000100000001 /* DiaryInsightsSheet.swift */ = {isa = PBXFileReference; lastKnownFileType = sourcecode.swift; path = DiaryInsightsSheet.swift; sourceTree = "<group>"; };
        9A000040A100000100000001 /* AppFontScale.swift */ = {isa = PBXFileReference; lastKnownFileType = sourcecode.swift; path = AppFontScale.swift; sourceTree = "<group>"; };
        9A000041A100000100000001 /* TypographyRefreshNotifier.swift */ = {isa = PBXFileReference; lastKnownFileType = sourcecode.swift; path = TypographyRefreshNotifier.swift; sourceTree = "<group>"; };
        9A000042A100000100000001 /* BackupStatusStore.swift */ = {isa = PBXFileReference; lastKnownFileType = sourcecode.swift; path = BackupStatusStore.swift; sourceTree = "<group>"; };
        9A000043A100000100000001 /* DiaryPDFExportService.swift */ = {isa = PBXFileReference; lastKnownFileType = sourcecode.swift; path = DiaryPDFExportService.swift; sourceTree = "<group>"; };
        9A000044A100000100000001 /* DiaryReminderStore.swift */ = {isa = PBXFileReference; lastKnownFileType = sourcecode.swift; path = DiaryReminderStore.swift; sourceTree = "<group>"; };
        9A000045A100000100000001 /* DiaryWritingStreak.swift */ = {isa = PBXFileReference; lastKnownFileType = sourcecode.swift; path = DiaryWritingStreak.swift; sourceTree = "<group>"; };
        9A000046A100000100000001 /* DiaryReminisceEngine.swift */ = {isa = PBXFileReference; lastKnownFileType = sourcecode.swift; path = DiaryReminisceEngine.swift; sourceTree = "<group>"; };
        9A00002CA100000100000001 /* Twelve.entitlements */ = {isa = PBXFileReference; lastKnownFileType = text.plist.entitlements; path = Twelve.entitlements; sourceTree = "<group>"; };
        B000001B100000100000001 /* LedgerApp.swift */ = {isa = PBXFileReference; lastKnownFileType = sourcecode.swift; path = LedgerApp.swift; sourceTree = "<group>"; };
        B000002B100000100000001 /* LedgerRootView.swift */ = {isa = PBXFileReference; lastKnownFileType = sourcecode.swift; path = LedgerRootView.swift; sourceTree = "<group>"; };
        B000003B100000100000001 /* LedgerAddTransactionSheet.swift */ = {isa = PBXFileReference; lastKnownFileType = sourcecode.swift; path = LedgerAddTransactionSheet.swift; sourceTree = "<group>"; };
        B000004B100000100000001 /* LedgerEntry.swift */ = {isa = PBXFileReference; lastKnownFileType = sourcecode.swift; path = LedgerEntry.swift; sourceTree = "<group>"; };
        B000005B100000100000001 /* LedgerStorage.swift */ = {isa = PBXFileReference; lastKnownFileType = sourcecode.swift; path = LedgerStorage.swift; sourceTree = "<group>"; };
        B000006B100000100000001 /* Info.plist */ = {isa = PBXFileReference; lastKnownFileType = text.plist.xml; path = Info.plist; sourceTree = "<group>"; };
        B000038B100000100000001 /* Ledger.entitlements */ = {isa = PBXFileReference; lastKnownFileType = text.plist.entitlements; path = Ledger.entitlements; sourceTree = "<group>"; };
        B000007B100000100000001 /* Ledger.app */ = {isa = PBXFileReference; explicitFileType = wrapper.application; includeInIndex = 0; path = Ledger.app; sourceTree = BUILT_PRODUCTS_DIR; };
        B000009B100000100000001 /* Assets.xcassets */ = {isa = PBXFileReference; lastKnownFileType = folder.assetcatalog; path = Assets.xcassets; sourceTree = "<group>"; };
        B00000AB100000100000001 /* LedgerTransactionKind.swift */ = {isa = PBXFileReference; lastKnownFileType = sourcecode.swift; path = LedgerTransactionKind.swift; sourceTree = "<group>"; };
        B00000BB100000100000001 /* LedgerCurrencyStore.swift */ = {isa = PBXFileReference; lastKnownFileType = sourcecode.swift; path = LedgerCurrencyStore.swift; sourceTree = "<group>"; };
        B00000CB100000100000001 /* LedgerDayPickerSheet.swift */ = {isa = PBXFileReference; lastKnownFileType = sourcecode.swift; path = LedgerDayPickerSheet.swift; sourceTree = "<group>"; };
        B00000DB100000100000001 /* LedgerCurrencyPickerSheet.swift */ = {isa = PBXFileReference; lastKnownFileType = sourcecode.swift; path = LedgerCurrencyPickerSheet.swift; sourceTree = "<group>"; };
        B00000EB100000100000001 /* LedgerSwipeActionRow.swift */ = {isa = PBXFileReference; lastKnownFileType = sourcecode.swift; path = LedgerSwipeActionRow.swift; sourceTree = "<group>"; };
        B00000FB100000100000001 /* LedgerDecimalFormatting.swift */ = {isa = PBXFileReference; lastKnownFileType = sourcecode.swift; path = LedgerDecimalFormatting.swift; sourceTree = "<group>"; };
        B000028B100000100000001 /* LedgerBook.swift */ = {isa = PBXFileReference; lastKnownFileType = sourcecode.swift; path = LedgerBook.swift; sourceTree = "<group>"; };
        B000029B100000100000001 /* LedgerBudget.swift */ = {isa = PBXFileReference; lastKnownFileType = sourcecode.swift; path = LedgerBudget.swift; sourceTree = "<group>"; };
        B000030B100000100000001 /* LedgerRecurringTemplate.swift */ = {isa = PBXFileReference; lastKnownFileType = sourcecode.swift; path = LedgerRecurringTemplate.swift; sourceTree = "<group>"; };
        B000031B100000100000001 /* LedgerCategoryStore.swift */ = {isa = PBXFileReference; lastKnownFileType = sourcecode.swift; path = LedgerCategoryStore.swift; sourceTree = "<group>"; };
        B000032B100000100000001 /* LedgerCSVExport.swift */ = {isa = PBXFileReference; lastKnownFileType = sourcecode.swift; path = LedgerCSVExport.swift; sourceTree = "<group>"; };
        B000033B100000100000001 /* LedgerMonthChartView.swift */ = {isa = PBXFileReference; lastKnownFileType = sourcecode.swift; path = LedgerMonthChartView.swift; sourceTree = "<group>"; };
        B000034B100000100000001 /* LedgerSettingsSheet.swift */ = {isa = PBXFileReference; lastKnownFileType = sourcecode.swift; path = LedgerSettingsSheet.swift; sourceTree = "<group>"; };
        B000035B100000100000001 /* LedgerSimpleGoalStore.swift */ = {isa = PBXFileReference; lastKnownFileType = sourcecode.swift; path = LedgerSimpleGoalStore.swift; sourceTree = "<group>"; };
        B000036B100000100000001 /* LedgerMonthReviewSheet.swift */ = {isa = PBXFileReference; lastKnownFileType = sourcecode.swift; path = LedgerMonthReviewSheet.swift; sourceTree = "<group>"; };
        B000039B100000100000001 /* LedgerFXService.swift */ = {isa = PBXFileReference; lastKnownFileType = sourcecode.swift; path = LedgerFXService.swift; sourceTree = "<group>"; };
        B000040B100000100000001 /* LedgerReminderStore.swift */ = {isa = PBXFileReference; lastKnownFileType = sourcecode.swift; path = LedgerReminderStore.swift; sourceTree = "<group>"; };
        B000041B100000100000001 /* LedgerFixedExpenseScheduler.swift */ = {isa = PBXFileReference; lastKnownFileType = sourcecode.swift; path = LedgerFixedExpenseScheduler.swift; sourceTree = "<group>"; };
        B000042B100000100000001 /* LedgerFixedExpense.swift */ = {isa = PBXFileReference; lastKnownFileType = sourcecode.swift; path = LedgerFixedExpense.swift; sourceTree = "<group>"; };
        B000043B100000100000001 /* LedgerReportMath.swift */ = {isa = PBXFileReference; lastKnownFileType = sourcecode.swift; path = LedgerReportMath.swift; sourceTree = "<group>"; };
/* End PBXFileReference section */

/* Begin PBXFrameworksBuildPhase section */
        9A200001A100000100000001 /* Frameworks */ = {
            isa = PBXFrameworksBuildPhase;
            buildActionMask = 2147483647;
            files = (
            );
            runOnlyForDeploymentPostprocessing = 0;
        };
        B200002B100000100000001 /* Frameworks */ = {
            isa = PBXFrameworksBuildPhase;
            buildActionMask = 2147483647;
            files = (
            );
            runOnlyForDeploymentPostprocessing = 0;
        };
/* End PBXFrameworksBuildPhase section */

/* Begin PBXGroup section */
        9A300001A100000100000001 = {
            isa = PBXGroup;
            children = (
                9A300002A100000100000001 /* Twelve */,
                B300001B100000100000001 /* Ledger */,
                9A300003A100000100000001 /* Products */);
            sourceTree = "<group>";
        };
        B300001B100000100000001 /* Ledger */ = {
            isa = PBXGroup;
            children = (
                B300002B100000100000001 /* App */,
                B300003B100000100000001 /* Views */,
                B300004B100000100000001 /* Models */,
                B300005B100000100000001 /* Services */,
                B300006B100000100000001 /* Utilities */,
                B000009B100000100000001 /* Assets.xcassets */,
                B000006B100000100000001 /* Info.plist */,
                B000038B100000100000001 /* Ledger.entitlements */);
            path = Ledger;
            sourceTree = "<group>";
        };
        B300006B100000100000001 /* Utilities */ = {
            isa = PBXGroup;
            children = (
                B00000FB100000100000001 /* LedgerDecimalFormatting.swift */,
                B000043B100000100000001 /* LedgerReportMath.swift */);
            path = Utilities;
            sourceTree = "<group>";
        };
        B300002B100000100000001 /* App */ = {
            isa = PBXGroup;
            children = (
                B000001B100000100000001 /* LedgerApp.swift */,
                B00000BB100000100000001 /* LedgerCurrencyStore.swift */);
            path = App;
            sourceTree = "<group>";
        };
        B300003B100000100000001 /* Views */ = {
            isa = PBXGroup;
            children = (
                B000002B100000100000001 /* LedgerRootView.swift */,
                B000003B100000100000001 /* LedgerAddTransactionSheet.swift */,
                B00000CB100000100000001 /* LedgerDayPickerSheet.swift */,
                B00000DB100000100000001 /* LedgerCurrencyPickerSheet.swift */,
                B00000EB100000100000001 /* LedgerSwipeActionRow.swift */,
                B000033B100000100000001 /* LedgerMonthChartView.swift */,
                B000034B100000100000001 /* LedgerSettingsSheet.swift */,
                B000036B100000100000001 /* LedgerMonthReviewSheet.swift */);
            path = Views;
            sourceTree = "<group>";
        };
        B300004B100000100000001 /* Models */ = {
            isa = PBXGroup;
            children = (
                B000004B100000100000001 /* LedgerEntry.swift */,
                B00000AB100000100000001 /* LedgerTransactionKind.swift */,
                B000028B100000100000001 /* LedgerBook.swift */,
                B000029B100000100000001 /* LedgerBudget.swift */,
                B000030B100000100000001 /* LedgerRecurringTemplate.swift */,
                B000042B100000100000001 /* LedgerFixedExpense.swift */);
            path = Models;
            sourceTree = "<group>";
        };
        B300005B100000100000001 /* Services */ = {
            isa = PBXGroup;
            children = (
                B000005B100000100000001 /* LedgerStorage.swift */,
                B000031B100000100000001 /* LedgerCategoryStore.swift */,
                B000032B100000100000001 /* LedgerCSVExport.swift */,
                B000035B100000100000001 /* LedgerSimpleGoalStore.swift */,
                B000039B100000100000001 /* LedgerFXService.swift */,
                B000040B100000100000001 /* LedgerReminderStore.swift */,
                B000041B100000100000001 /* LedgerFixedExpenseScheduler.swift */);
            path = Services;
            sourceTree = "<group>";
        };
        9A300002A100000100000001 /* Twelve */ = {
            isa = PBXGroup;
            children = (
                9A300004A100000100000001 /* App */,
                9A300005A100000100000001 /* Views */,
                9A300006A100000100000001 /* Models */,
                9A300007A100000100000001 /* Services */,
                9A300009A100000100000001 /* Utilities */,
                9A300008A100000100000001 /* UI */,
                9A00002CA100000100000001 /* Twelve.entitlements */,
                9A00000CA100000100000001 /* Assets.xcassets */,
                9A00000DA100000100000001 /* Info.plist */,
                9A000018A100000100000001 /* marked.min.js */,
                9A000019A100000100000001 /* mathjax-tex-svg.js */);
            path = Twelve;
            sourceTree = "<group>";
        };
        9A300003A100000100000001 /* Products */ = {
            isa = PBXGroup;
            children = (
                9A00000EA100000100000001 /* Twelve.app */,
                B000007B100000100000001 /* Ledger.app */);
            name = Products;
            sourceTree = "<group>";
        };
        9A300004A100000100000001 /* App */ = {
            isa = PBXGroup;
            children = (
                9A000001A100000100000001 /* TwelveApp.swift */,
                9A000015A100000100000001 /* AppearanceStore.swift */,
                9A000040A100000100000001 /* AppFontScale.swift */,
                9A000041A100000100000001 /* TypographyRefreshNotifier.swift */);
            path = App;
            sourceTree = "<group>";
        };
        9A300005A100000100000001 /* Views */ = {
            isa = PBXGroup;
            children = (
                9A000002A100000100000001 /* ContentView.swift */,
                9A000003A100000100000001 /* EntryCardView.swift */,
                9A000027A100000100000001 /* DiarySettingsSheet.swift */,
                9A000028A100000100000001 /* DiarySearchSheet.swift */,
                9A000029A100000100000001 /* AppEmptyStates.swift */,
                9A00001BA100000100000001 /* DiaryDayPickerSheet.swift */,
                9A00001FA100000100000001 /* CartoonMonthCalendar.swift */,
                9A00001CA100000100000001 /* SketchToolbarIcons.swift */,
                9A00001EA100000100000001 /* AppearancePickerSheet.swift */,
                9A00002FA100000100000001 /* DiaryInsightsSheet.swift */);
            path = Views;
            sourceTree = "<group>";
        };
        9A300006A100000100000001 /* Models */ = {
            isa = PBXGroup;
            children = (
                9A000004A100000100000001 /* DiaryEntry.swift */,
                9A000005A100000100000001 /* WeatherOption.swift */,
                9A000010A100000100000001 /* DiaryAttachment.swift */);
            path = Models;
            sourceTree = "<group>";
        };
        9A300007A100000100000001 /* Services */ = {
            isa = PBXGroup;
            children = (
                9A000006A100000100000001 /* DiaryStorage.swift */,
                9A000007A100000100000001 /* LocationManager.swift */,
                9A000011A100000100000001 /* AttachmentService.swift */,
                9A000023A100000100000001 /* DiaryWritingPromptStore.swift */,
                9A000024A100000100000001 /* DiaryExportService.swift */,
                9A000025A100000100000001 /* DiaryAttachmentCleanup.swift */,
                9A00002AA100000100000001 /* ICloudDataMirror.swift */,
                9A000042A100000100000001 /* BackupStatusStore.swift */,
                9A000043A100000100000001 /* DiaryPDFExportService.swift */,
                9A000044A100000100000001 /* DiaryReminderStore.swift */);
            path = Services;
            sourceTree = "<group>";
        };
        9A300009A100000100000001 /* Utilities */ = {
            isa = PBXGroup;
            children = (
                9A000026A100000100000001 /* DiaryOnThisDay.swift */,
                9A00002DA100000100000001 /* DiaryInsightsEngine.swift */,
                9A00002EA100000100000001 /* DiaryMarkdownOutline.swift */,
                9A000045A100000100000001 /* DiaryWritingStreak.swift */,
                9A000046A100000100000001 /* DiaryReminisceEngine.swift */);
            path = Utilities;
            sourceTree = "<group>";
        };
        9A300008A100000100000001 /* UI */ = {
            isa = PBXGroup;
            children = (
                9A000008A100000100000001 /* TwelveTheme.swift */,
                9A000009A100000100000001 /* WiggleTextEditor.swift */,
                9A000022A100000100000001 /* InputWiggleModifier.swift */,
                9A00000AA100000100000001 /* TwelveButtonStyles.swift */,
                9A00000BA100000100000001 /* WindyBackgroundView.swift */,
                9A00000FA100000100000001 /* TodayFeatureCardOverlay.swift */,
                9A000012A100000100000001 /* MediaPicker.swift */,
                9A000013A100000100000001 /* DiaryComposerSheet.swift */,
                9A000021A100000100000001 /* ComposerLocationPickerSheet.swift */,
                9A000020A100000100000001 /* TwelveAppWheelDatePicker.swift */,
                9A000014A100000100000001 /* DiaryReaderSheet.swift */,
                9A000016A100000100000001 /* DiaryBodyContentView.swift */,
                9A00001DA100000100000001 /* CartoonPanelChrome.swift */);
            path = UI;
            sourceTree = "<group>";
        };
/* End PBXGroup section */

/* Begin PBXNativeTarget section */
        9A400001A100000100000001 /* Twelve */ = {
            isa = PBXNativeTarget;
            buildConfigurationList = 9A500002A100000100000001 /* Build configuration list for PBXNativeTarget "Twelve" */;
            buildPhases = (
                9A600001A100000100000001 /* Sources */,
                9A200001A100000100000001 /* Frameworks */,
                9A600002A100000100000001 /* Resources */);
            buildRules = (
            );
            dependencies = (
            );
            name = Twelve;
            productName = Twelve;
            productReference = 9A00000EA100000100000001 /* Twelve.app */;
            productType = "com.apple.product-type.application";
        };
        B400001B100000100000001 /* Ledger */ = {
            isa = PBXNativeTarget;
            buildConfigurationList = B500005B100000100000001 /* Build configuration list for PBXNativeTarget "Ledger" */;
            buildPhases = (
                B600003B100000100000001 /* Sources */,
                B200002B100000100000001 /* Frameworks */,
                B600004B100000100000001 /* Resources */);
            buildRules = (
            );
            dependencies = (
            );
            name = Ledger;
            productName = Ledger;
            productReference = B000007B100000100000001 /* Ledger.app */;
            productType = "com.apple.product-type.application";
        };
/* End PBXNativeTarget section */

/* Begin PBXProject section */
        9A500001A100000100000001 /* Project object */ = {
            isa = PBXProject;
            attributes = {
                BuildIndependentTargetsInParallel = 1;
                LastUpgradeCheck = 1610;
                TargetAttributes = {
                    9A400001A100000100000001 = {
                        CreatedOnToolsVersion = 16.1;
                    };
                    B400001B100000100000001 = {
                        CreatedOnToolsVersion = 16.1;
                    };
                };
            };
            buildConfigurationList = 9A500003A100000100000001 /* Build configuration list for PBXProject "Twelve" */;
            compatibilityVersion = "Xcode 16.0";
            developmentRegion = en;
            hasScannedForEncodings = 0;
            knownRegions = (
                en,
                Base);
            mainGroup = 9A300001A100000100000001;
            productRefGroup = 9A300003A100000100000001 /* Products */;
            projectDirPath = "";
            projectRoot = "";
            targets = (
                9A400001A100000100000001 /* Twelve */,
                B400001B100000100000001 /* Ledger */);
        };
/* End PBXProject section */

/* Begin PBXResourcesBuildPhase section */
        9A600002A100000100000001 /* Resources */ = {
            isa = PBXResourcesBuildPhase;
            buildActionMask = 2147483647;
            files = (
                9A10000CA100000100000001 /* Assets.xcassets in Resources */,
                9A100016A100000100000001 /* marked.min.js in Resources */,
                9A100017A100000100000001 /* mathjax-tex-svg.js in Resources */);
            runOnlyForDeploymentPostprocessing = 0;
        };
        B600004B100000100000001 /* Resources */ = {
            isa = PBXResourcesBuildPhase;
            buildActionMask = 2147483647;
            files = (
                B100014B100000100000001 /* Assets.xcassets in Resources */);
            runOnlyForDeploymentPostprocessing = 0;
        };
/* End PBXResourcesBuildPhase section */

/* Begin PBXSourcesBuildPhase section */
        9A600001A100000100000001 /* Sources */ = {
            isa = PBXSourcesBuildPhase;
            buildActionMask = 2147483647;
            files = (
                9A100001A100000100000001 /* TwelveApp.swift in Sources */,
                9A100013A100000100000001 /* AppearanceStore.swift in Sources */,
                9A100002A100000100000001 /* ContentView.swift in Sources */,
                9A100003A100000100000001 /* EntryCardView.swift in Sources */,
                9A100018A100000100000001 /* DiaryDayPickerSheet.swift in Sources */,
                9A10001FA100000100000001 /* CartoonMonthCalendar.swift in Sources */,
                9A100019A100000100000001 /* SketchToolbarIcons.swift in Sources */,
                9A10001AA100000100000001 /* CartoonPanelChrome.swift in Sources */,
                9A10001BA100000100000001 /* AppearancePickerSheet.swift in Sources */,
                9A100004A100000100000001 /* DiaryEntry.swift in Sources */,
                9A100005A100000100000001 /* WeatherOption.swift in Sources */,
                9A100006A100000100000001 /* DiaryStorage.swift in Sources */,
                9A100007A100000100000001 /* LocationManager.swift in Sources */,
                9A100008A100000100000001 /* TwelveTheme.swift in Sources */,
                9A100009A100000100000001 /* WiggleTextEditor.swift in Sources */,
                9A100031A100000100000001 /* InputWiggleModifier.swift in Sources */,
                9A10000AA100000100000001 /* TwelveButtonStyles.swift in Sources */,
                9A10000BA100000100000001 /* WindyBackgroundView.swift in Sources */,
                9A10000DA100000100000001 /* TodayFeatureCardOverlay.swift in Sources */,
                9A10000EA100000100000001 /* DiaryAttachment.swift in Sources */,
                9A10000FA100000100000001 /* AttachmentService.swift in Sources */,
                9A100010A100000100000001 /* MediaPicker.swift in Sources */,
                9A100011A100000100000001 /* DiaryComposerSheet.swift in Sources */,
                9A100030A100000100000001 /* ComposerLocationPickerSheet.swift in Sources */,
                9A100020A100000100000001 /* TwelveAppWheelDatePicker.swift in Sources */,
                9A100012A100000100000001 /* DiaryReaderSheet.swift in Sources */,
                9A100014A100000100000001 /* DiaryBodyContentView.swift in Sources */,
                9A100032A100000100000001 /* DiaryWritingPromptStore.swift in Sources */,
                9A100033A100000100000001 /* DiaryExportService.swift in Sources */,
                9A100034A100000100000001 /* DiaryAttachmentCleanup.swift in Sources */,
                9A100035A100000100000001 /* DiaryOnThisDay.swift in Sources */,
                9A100036A100000100000001 /* DiarySettingsSheet.swift in Sources */,
                9A100037A100000100000001 /* DiarySearchSheet.swift in Sources */,
                9A100038A100000100000001 /* AppEmptyStates.swift in Sources */,
                9A100039A100000100000001 /* ICloudDataMirror.swift in Sources */,
                9A10003AA100000100000001 /* DiaryInsightsEngine.swift in Sources */,
                9A10003BA100000100000001 /* DiaryMarkdownOutline.swift in Sources */,
                9A10003CA100000100000001 /* DiaryInsightsSheet.swift in Sources */,
                9A10003DA100000100000001 /* AppFontScale.swift in Sources */,
                9A10003EA100000100000001 /* TypographyRefreshNotifier.swift in Sources */,
                9A10003FA100000100000001 /* BackupStatusStore.swift in Sources */,
                9A100040A100000100000001 /* DiaryPDFExportService.swift in Sources */,
                9A100041A100000100000001 /* DiaryReminderStore.swift in Sources */,
                9A100042A100000100000001 /* DiaryWritingStreak.swift in Sources */,
                9A100043A100000100000001 /* DiaryReminisceEngine.swift in Sources */);
            runOnlyForDeploymentPostprocessing = 0;
        };
        B600003B100000100000001 /* Sources */ = {
            isa = PBXSourcesBuildPhase;
            buildActionMask = 2147483647;
            files = (
                B100001B100000100000001 /* LedgerApp.swift in Sources */,
                B100002B100000100000001 /* LedgerRootView.swift in Sources */,
                B100003B100000100000001 /* LedgerAddTransactionSheet.swift in Sources */,
                B100004B100000100000001 /* LedgerEntry.swift in Sources */,
                B100005B100000100000001 /* LedgerStorage.swift in Sources */,
                B100006B100000100000001 /* TwelveTheme.swift in Sources */,
                B100007B100000100000001 /* WindyBackgroundView.swift in Sources */,
                B100008B100000100000001 /* TwelveButtonStyles.swift in Sources */,
                B100009B100000100000001 /* AppearanceStore.swift in Sources */,
                B100010B100000100000001 /* CartoonPanelChrome.swift in Sources */,
                B100011B100000100000001 /* SketchToolbarIcons.swift in Sources */,
                B100012B100000100000001 /* AppearancePickerSheet.swift in Sources */,
                B100015B100000100000001 /* CartoonMonthCalendar.swift in Sources */,
                B100016B100000100000001 /* TwelveAppWheelDatePicker.swift in Sources */,
                B100017B100000100000001 /* LedgerTransactionKind.swift in Sources */,
                B100018B100000100000001 /* LedgerCurrencyStore.swift in Sources */,
                B100019B100000100000001 /* LedgerDayPickerSheet.swift in Sources */,
                B100020B100000100000001 /* LedgerCurrencyPickerSheet.swift in Sources */,
                B100021B100000100000001 /* LedgerSwipeActionRow.swift in Sources */,
                B100022B100000100000001 /* LedgerDecimalFormatting.swift in Sources */,
                B100025B100000100000001 /* ComposerLocationPickerSheet.swift in Sources */,
                B100024B100000100000001 /* LocationManager.swift in Sources */,
                B100026B100000100000001 /* WeatherOption.swift in Sources */,
                B100028B100000100000001 /* LedgerBook.swift in Sources */,
                B100029B100000100000001 /* LedgerBudget.swift in Sources */,
                B100030B100000100000001 /* LedgerRecurringTemplate.swift in Sources */,
                B100031B100000100000001 /* LedgerCategoryStore.swift in Sources */,
                B100032B100000100000001 /* LedgerCSVExport.swift in Sources */,
                B100033B100000100000001 /* LedgerMonthChartView.swift in Sources */,
                B100034B100000100000001 /* LedgerSettingsSheet.swift in Sources */,
                B100035B100000100000001 /* AppEmptyStates.swift in Sources */,
                B100036B100000100000001 /* ICloudDataMirror.swift in Sources */,
                B100037B100000100000001 /* LedgerSimpleGoalStore.swift in Sources */,
                B100038B100000100000001 /* LedgerMonthReviewSheet.swift in Sources */,
                B100039B100000100000001 /* LedgerFXService.swift in Sources */,
                B100040B100000100000001 /* LedgerReminderStore.swift in Sources */,
                B100041B100000100000001 /* LedgerFixedExpenseScheduler.swift in Sources */,
                B100042B100000100000001 /* LedgerFixedExpense.swift in Sources */,
                B100043B100000100000001 /* LedgerReportMath.swift in Sources */,
                B100044B100000100000001 /* AppFontScale.swift in Sources */,
                B100045B100000100000001 /* TypographyRefreshNotifier.swift in Sources */,
                B100046B100000100000001 /* BackupStatusStore.swift in Sources */);
            runOnlyForDeploymentPostprocessing = 0;
        };
/* End PBXSourcesBuildPhase section */

/* Begin XCBuildConfiguration section */
        9A700001A100000100000001 /* Debug */ = {
            isa = XCBuildConfiguration;
            buildSettings = {
                ALWAYS_SEARCH_USER_PATHS = NO;
                CLANG_ANALYZER_NONNULL = YES;
                CLANG_ANALYZER_NUMBER_OBJECT_CONVERSION = YES_AGGRESSIVE;
                CLANG_CXX_LANGUAGE_STANDARD = "gnu++20";
                CLANG_ENABLE_MODULES = YES;
                CLANG_ENABLE_OBJC_ARC = YES;
                CLANG_ENABLE_OBJC_WEAK = YES;
                CLANG_WARN_BLOCK_CAPTURE_AUTORELEASING = YES;
                CLANG_WARN_BOOL_CONVERSION = YES;
                CLANG_WARN_COMMA = YES;
                CLANG_WARN_CONSTANT_CONVERSION = YES;
                CLANG_WARN_DEPRECATED_OBJC_IMPLEMENTATIONS = YES;
                CLANG_WARN_DIRECT_OBJC_ISA_USAGE = YES_ERROR;
                CLANG_WARN_DOCUMENTATION_COMMENTS = YES;
                CLANG_WARN_EMPTY_BODY = YES;
                CLANG_WARN_ENUM_CONVERSION = YES;
                CLANG_WARN_INFINITE_RECURSION = YES;
                CLANG_WARN_INT_CONVERSION = YES;
                CLANG_WARN_NON_LITERAL_NULL_CONVERSION = YES;
                CLANG_WARN_OBJC_IMPLICIT_RETAIN_SELF = YES;
                CLANG_WARN_OBJC_LITERAL_CONVERSION = YES;
                CLANG_WARN_OBJC_ROOT_CLASS = YES_ERROR;
                CLANG_WARN_QUOTED_INCLUDE_IN_FRAMEWORK_HEADER = YES;
                CLANG_WARN_RANGE_LOOP_ANALYSIS = YES;
                CLANG_WARN_STRICT_PROTOTYPES = YES;
                CLANG_WARN_SUSPICIOUS_MOVE = YES;
                CLANG_WARN_UNGUARDED_AVAILABILITY = YES_AGGRESSIVE;
                CLANG_WARN_UNREACHABLE_CODE = YES;
                CLANG_WARN__DUPLICATE_METHOD_MATCH = YES;
                COPY_PHASE_STRIP = NO;
                DEBUG_INFORMATION_FORMAT = dwarf;
                ENABLE_STRICT_OBJC_MSGSEND = YES;
                ENABLE_TESTABILITY = YES;
                GCC_C_LANGUAGE_STANDARD = gnu17;
                GCC_DYNAMIC_NO_PIC = NO;
                GCC_NO_COMMON_BLOCKS = YES;
                GCC_OPTIMIZATION_LEVEL = 0;
                GCC_PREPROCESSOR_DEFINITIONS = (
                    "DEBUG=1",
                    "$(inherited)");
                GCC_WARN_64_TO_32_BIT_CONVERSION = YES;
                GCC_WARN_ABOUT_RETURN_TYPE = YES_ERROR;
                GCC_WARN_UNDECLARED_SELECTOR = YES;
                GCC_WARN_UNINITIALIZED_AUTOS = YES_AGGRESSIVE;
                GCC_WARN_UNUSED_FUNCTION = YES;
                GCC_WARN_UNUSED_VARIABLE = YES;
                IPHONEOS_DEPLOYMENT_TARGET = 18.0;
                MTL_ENABLE_DEBUG_INFO = INCLUDE_SOURCE;
                MTL_FAST_MATH = YES;
                ONLY_ACTIVE_ARCH = YES;
                SDKROOT = iphoneos;
                SWIFT_ACTIVE_COMPILATION_CONDITIONS = "DEBUG $(inherited)";
                SWIFT_OPTIMIZATION_LEVEL = "-Onone";
            };
            name = Debug;
        };
        9A700002A100000100000001 /* Release */ = {
            isa = XCBuildConfiguration;
            buildSettings = {
                ALWAYS_SEARCH_USER_PATHS = NO;
                CLANG_ANALYZER_NONNULL = YES;
                CLANG_ANALYZER_NUMBER_OBJECT_CONVERSION = YES_AGGRESSIVE;
                CLANG_CXX_LANGUAGE_STANDARD = "gnu++20";
                CLANG_ENABLE_MODULES = YES;
                CLANG_ENABLE_OBJC_ARC = YES;
                CLANG_ENABLE_OBJC_WEAK = YES;
                CLANG_WARN_BLOCK_CAPTURE_AUTORELEASING = YES;
                CLANG_WARN_BOOL_CONVERSION = YES;
                CLANG_WARN_COMMA = YES;
                CLANG_WARN_CONSTANT_CONVERSION = YES;
                CLANG_WARN_DEPRECATED_OBJC_IMPLEMENTATIONS = YES;
                CLANG_WARN_DIRECT_OBJC_ISA_USAGE = YES_ERROR;
                CLANG_WARN_DOCUMENTATION_COMMENTS = YES;
                CLANG_WARN_EMPTY_BODY = YES;
                CLANG_WARN_ENUM_CONVERSION = YES;
                CLANG_WARN_INFINITE_RECURSION = YES;
                CLANG_WARN_INT_CONVERSION = YES;
                CLANG_WARN_NON_LITERAL_NULL_CONVERSION = YES;
                CLANG_WARN_OBJC_IMPLICIT_RETAIN_SELF = YES;
                CLANG_WARN_OBJC_LITERAL_CONVERSION = YES;
                CLANG_WARN_OBJC_ROOT_CLASS = YES_ERROR;
                CLANG_WARN_QUOTED_INCLUDE_IN_FRAMEWORK_HEADER = YES;
                CLANG_WARN_RANGE_LOOP_ANALYSIS = YES;
                CLANG_WARN_STRICT_PROTOTYPES = YES;
                CLANG_WARN_SUSPICIOUS_MOVE = YES;
                CLANG_WARN_UNGUARDED_AVAILABILITY = YES_AGGRESSIVE;
                CLANG_WARN_UNREACHABLE_CODE = YES;
                CLANG_WARN__DUPLICATE_METHOD_MATCH = YES;
                COPY_PHASE_STRIP = NO;
                DEBUG_INFORMATION_FORMAT = "dwarf-with-dsym";
                ENABLE_NS_ASSERTIONS = NO;
                ENABLE_STRICT_OBJC_MSGSEND = YES;
                GCC_C_LANGUAGE_STANDARD = gnu17;
                GCC_NO_COMMON_BLOCKS = YES;
                GCC_WARN_64_TO_32_BIT_CONVERSION = YES;
                GCC_WARN_ABOUT_RETURN_TYPE = YES_ERROR;
                GCC_WARN_UNDECLARED_SELECTOR = YES;
                GCC_WARN_UNINITIALIZED_AUTOS = YES_AGGRESSIVE;
                GCC_WARN_UNUSED_FUNCTION = YES;
                GCC_WARN_UNUSED_VARIABLE = YES;
                IPHONEOS_DEPLOYMENT_TARGET = 18.0;
                MTL_ENABLE_DEBUG_INFO = NO;
                MTL_FAST_MATH = YES;
                SDKROOT = iphoneos;
                SWIFT_COMPILATION_MODE = wholemodule;
                VALIDATE_PRODUCT = YES;
            };
            name = Release;
        };
        9A700003A100000100000001 /* Debug */ = {
            isa = XCBuildConfiguration;
            buildSettings = {
                ASSETCATALOG_COMPILER_APPICON_NAME = AppIcon;
                ASSETCATALOG_COMPILER_GLOBAL_ACCENT_COLOR_NAME = AccentColor;
                CODE_SIGN_STYLE = Automatic;
                CURRENT_PROJECT_VERSION = 1;
                DEVELOPMENT_TEAM = "";
                ENABLE_PREVIEWS = YES;
                CODE_SIGN_ENTITLEMENTS = Twelve/Twelve.entitlements;
                GENERATE_INFOPLIST_FILE = NO;
                INFOPLIST_FILE = Twelve/Info.plist;
                INFOPLIST_KEY_UIApplicationSceneManifest_Generation = YES;
                INFOPLIST_KEY_UIApplicationSupportsIndirectInputEvents = YES;
                INFOPLIST_KEY_UILaunchScreen_Generation = YES;
                INFOPLIST_KEY_UISupportedInterfaceOrientations_iPhone = "UIInterfaceOrientationPortrait UIInterfaceOrientationLandscapeLeft UIInterfaceOrientationLandscapeRight";
                IPHONEOS_DEPLOYMENT_TARGET = 18.0;
                LD_RUNPATH_SEARCH_PATHS = (
                    "$(inherited)",
                    "@executable_path/Frameworks");
                MARKETING_VERSION = 1.0;
                PRODUCT_BUNDLE_IDENTIFIER = com.example.Twelve;
                PRODUCT_NAME = "$(TARGET_NAME)";
                SUPPORTED_PLATFORMS = "iphoneos iphonesimulator";
                SWIFT_EMIT_LOC_STRINGS = YES;
                SWIFT_VERSION = 5.0;
                TARGETED_DEVICE_FAMILY = 1;
            };
            name = Debug;
        };
        9A700004A100000100000001 /* Release */ = {
            isa = XCBuildConfiguration;
            buildSettings = {
                ASSETCATALOG_COMPILER_APPICON_NAME = AppIcon;
                ASSETCATALOG_COMPILER_GLOBAL_ACCENT_COLOR_NAME = AccentColor;
                CODE_SIGN_STYLE = Automatic;
                CURRENT_PROJECT_VERSION = 1;
                DEVELOPMENT_TEAM = "";
                ENABLE_PREVIEWS = YES;
                CODE_SIGN_ENTITLEMENTS = Twelve/Twelve.entitlements;
                GENERATE_INFOPLIST_FILE = NO;
                INFOPLIST_FILE = Twelve/Info.plist;
                INFOPLIST_KEY_UIApplicationSceneManifest_Generation = YES;
                INFOPLIST_KEY_UIApplicationSupportsIndirectInputEvents = YES;
                INFOPLIST_KEY_UILaunchScreen_Generation = YES;
                INFOPLIST_KEY_UISupportedInterfaceOrientations_iPhone = "UIInterfaceOrientationPortrait UIInterfaceOrientationLandscapeLeft UIInterfaceOrientationLandscapeRight";
                IPHONEOS_DEPLOYMENT_TARGET = 18.0;
                LD_RUNPATH_SEARCH_PATHS = (
                    "$(inherited)",
                    "@executable_path/Frameworks");
                MARKETING_VERSION = 1.0;
                PRODUCT_BUNDLE_IDENTIFIER = com.example.Twelve;
                PRODUCT_NAME = "$(TARGET_NAME)";
                SUPPORTED_PLATFORMS = "iphoneos iphonesimulator";
                SWIFT_EMIT_LOC_STRINGS = YES;
                SWIFT_VERSION = 5.0;
                TARGETED_DEVICE_FAMILY = 1;
            };
            name = Release;
        };
        B700001B100000100000001 /* Debug */ = {
            isa = XCBuildConfiguration;
            buildSettings = {
                ASSETCATALOG_COMPILER_APPICON_NAME = AppIcon;
                ASSETCATALOG_COMPILER_GLOBAL_ACCENT_COLOR_NAME = AccentColor;
                CODE_SIGN_STYLE = Automatic;
                CURRENT_PROJECT_VERSION = 2;
                DEVELOPMENT_TEAM = "";
                ENABLE_PREVIEWS = YES;
                CODE_SIGN_ENTITLEMENTS = Ledger/Ledger.entitlements;
                GENERATE_INFOPLIST_FILE = NO;
                INFOPLIST_FILE = Ledger/Info.plist;
                INFOPLIST_KEY_UIApplicationSceneManifest_Generation = YES;
                INFOPLIST_KEY_UIApplicationSupportsIndirectInputEvents = YES;
                INFOPLIST_KEY_UILaunchScreen_Generation = YES;
                INFOPLIST_KEY_UISupportedInterfaceOrientations_iPhone = "UIInterfaceOrientationPortrait UIInterfaceOrientationLandscapeLeft UIInterfaceOrientationLandscapeRight";
                IPHONEOS_DEPLOYMENT_TARGET = 18.0;
                LD_RUNPATH_SEARCH_PATHS = (
                    "$(inherited)",
                    "@executable_path/Frameworks");
                MARKETING_VERSION = 1.0;
                PRODUCT_BUNDLE_IDENTIFIER = com.example.Ledger;
                PRODUCT_NAME = "$(TARGET_NAME)";
                SUPPORTED_PLATFORMS = "iphoneos iphonesimulator";
                SWIFT_EMIT_LOC_STRINGS = YES;
                SWIFT_VERSION = 5.0;
                TARGETED_DEVICE_FAMILY = 1;
            };
            name = Debug;
        };
        B700002B100000100000001 /* Release */ = {
            isa = XCBuildConfiguration;
            buildSettings = {
                ASSETCATALOG_COMPILER_APPICON_NAME = AppIcon;
                ASSETCATALOG_COMPILER_GLOBAL_ACCENT_COLOR_NAME = AccentColor;
                CODE_SIGN_STYLE = Automatic;
                CURRENT_PROJECT_VERSION = 2;
                DEVELOPMENT_TEAM = "";
                ENABLE_PREVIEWS = YES;
                CODE_SIGN_ENTITLEMENTS = Ledger/Ledger.entitlements;
                GENERATE_INFOPLIST_FILE = NO;
                INFOPLIST_FILE = Ledger/Info.plist;
                INFOPLIST_KEY_UIApplicationSceneManifest_Generation = YES;
                INFOPLIST_KEY_UIApplicationSupportsIndirectInputEvents = YES;
                INFOPLIST_KEY_UILaunchScreen_Generation = YES;
                INFOPLIST_KEY_UISupportedInterfaceOrientations_iPhone = "UIInterfaceOrientationPortrait UIInterfaceOrientationLandscapeLeft UIInterfaceOrientationLandscapeRight";
                IPHONEOS_DEPLOYMENT_TARGET = 18.0;
                LD_RUNPATH_SEARCH_PATHS = (
                    "$(inherited)",
                    "@executable_path/Frameworks");
                MARKETING_VERSION = 1.0;
                PRODUCT_BUNDLE_IDENTIFIER = com.example.Ledger;
                PRODUCT_NAME = "$(TARGET_NAME)";
                SUPPORTED_PLATFORMS = "iphoneos iphonesimulator";
                SWIFT_EMIT_LOC_STRINGS = YES;
                SWIFT_VERSION = 5.0;
                TARGETED_DEVICE_FAMILY = 1;
            };
            name = Release;
        };
/* End XCBuildConfiguration section */

/* Begin XCConfigurationList section */
        9A500003A100000100000001 /* Build configuration list for PBXProject "Twelve" */ = {
            isa = XCConfigurationList;
            buildConfigurations = (
                9A700001A100000100000001 /* Debug */,
                9A700002A100000100000001 /* Release */);
            defaultConfigurationIsVisible = 0;
            defaultConfigurationName = Release;
        };
        9A500002A100000100000001 /* Build configuration list for PBXNativeTarget "Twelve" */ = {
            isa = XCConfigurationList;
            buildConfigurations = (
                9A700003A100000100000001 /* Debug */,
                9A700004A100000100000001 /* Release */);
            defaultConfigurationIsVisible = 0;
            defaultConfigurationName = Release;
        };
        B500005B100000100000001 /* Build configuration list for PBXNativeTarget "Ledger" */ = {
            isa = XCConfigurationList;
            buildConfigurations = (
                B700001B100000100000001 /* Debug */,
                B700002B100000100000001 /* Release */);
            defaultConfigurationIsVisible = 0;
            defaultConfigurationName = Release;
        };
/* End XCConfigurationList section */
    };
    rootObject = 9A500001A100000100000001 /* Project object */;
}
